
Microsoft Visual Studio Solution File, Format Version 12.00
# Visual Studio Version 16
VisualStudioVersion = 16.0.33920.266
MinimumVisualStudioVersion = 10.0.40219.1
Project("{FAE04EC0-301F-11D3-BF4B-00C04F79EFBC}") = "Общее УП", "Общее УП\Общее УП.csproj", "{07C25B96-E19C-4826-B64C-15241172DD69}"
EndProject
Global
	GlobalSection(SolutionConfigurationPlatforms) = preSolution
		Debug|Any CPU = Debug|Any CPU
		Release|Any CPU = Release|Any CPU
	EndGlobalSection
	GlobalSection(ProjectConfigurationPlatforms) = postSolution
		{07C25B96-E19C-4826-B64C-15241172DD69}.Debug|Any CPU.ActiveCfg = Debug|Any CPU
		{07C25B96-E19C-4826-B64C-15241172DD69}.Debug|Any CPU.Build.0 = Debug|Any CPU
		{07C25B96-E19C-4826-B64C-15241172DD69}.Release|Any CPU.ActiveCfg = Release|Any CPU
		{07C25B96-E19C-4826-B64C-15241172DD69}.Release|Any CPU.Build.0 = Release|Any CPU
	EndGlobalSection
	GlobalSection(SolutionProperties) = preSolution
		HideSolutionNode = FALSE
	EndGlobalSection
	GlobalSection(ExtensibilityGlobals) = postSolution
		SolutionGuid = {6672EA58-0987-4122-AA8B-020C75AE465A}
	EndGlobalSection
EndGlobal
